
Microsoft Visual Studio Solution File, Format Version 12.00
# Visual Studio Version 16
VisualStudioVersion = 16.0.31019.35
MinimumVisualStudioVersion = 10.0.40219.1
Project("{FAE04EC0-301F-11D3-BF4B-00C04F79EFBC}") = "Lab3Application", "Lab3Application.csproj", "{0D6D8AF1-A587-4069-A7C7-317ACB65D237}"
EndProject
Global
	GlobalSection(SolutionConfigurationPlatforms) = preSolution
		Debug|Any CPU = Debug|Any CPU
		Release|Any CPU = Release|Any CPU
	EndGlobalSection
	GlobalSection(ProjectConfigurationPlatforms) = postSolution
		{0D6D8AF1-A587-4069-A7C7-317ACB65D237}.Debug|Any CPU.ActiveCfg = Debug|Any CPU
		{0D6D8AF1-A587-4069-A7C7-317ACB65D237}.Debug|Any CPU.Build.0 = Debug|Any CPU
		{0D6D8AF1-A587-4069-A7C7-317ACB65D237}.Release|Any CPU.ActiveCfg = Release|Any CPU
		{0D6D8AF1-A587-4069-A7C7-317ACB65D237}.Release|Any CPU.Build.0 = Release|Any CPU
	EndGlobalSection
	GlobalSection(SolutionProperties) = preSolution
		HideSolutionNode = FALSE
	EndGlobalSection
	GlobalSection(ExtensibilityGlobals) = postSolution
		SolutionGuid = {3B3B2ED5-0575-4844-9A23-9D5C793F7A87}
	EndGlobalSection
EndGlobal
